
Microsoft Visual Studio Solution File, Format Version 12.00
# Visual Studio Version 17
VisualStudioVersion = 17.5.002.0
MinimumVisualStudioVersion = 10.0.40219.1
Project("{9A19103F-16F7-4668-BE54-9A1E7A4F7556}") = "terraguardians", "terraguardians.csproj", "{43056896-2E80-4552-B1C2-60B8A2631B4F}"
EndProject
Global
	GlobalSection(SolutionConfigurationPlatforms) = preSolution
		Debug|Any CPU = Debug|Any CPU
		Release|Any CPU = Release|Any CPU
	EndGlobalSection
	GlobalSection(ProjectConfigurationPlatforms) = postSolution
		{43056896-2E80-4552-B1C2-60B8A2631B4F}.Debug|Any CPU.ActiveCfg = Debug|Any CPU
		{43056896-2E80-4552-B1C2-60B8A2631B4F}.Debug|Any CPU.Build.0 = Debug|Any CPU
		{43056896-2E80-4552-B1C2-60B8A2631B4F}.Release|Any CPU.ActiveCfg = Release|Any CPU
		{43056896-2E80-4552-B1C2-60B8A2631B4F}.Release|Any CPU.Build.0 = Release|Any CPU
	EndGlobalSection
	GlobalSection(SolutionProperties) = preSolution
		HideSolutionNode = FALSE
	EndGlobalSection
	GlobalSection(ExtensibilityGlobals) = postSolution
		SolutionGuid = {FCEAF28B-BFD2-4897-B656-46B9FBE77189}
	EndGlobalSection
EndGlobal
